// !$*UTF8*$!
{
	archiveVersion = 1;
	classes = {
	};
	objectVersion = 46;
	objects = {

/* Begin PBXBuildFile section */
		A744BB6B1A5902B50057DE5D /* AppDelegate.swift in Sources */ = {isa = PBXBuildFile; fileRef = A744BB6A1A5902B50057DE5D /* AppDelegate.swift */; };
		A744BB6D1A5902B50057DE5D /* MasterViewController.swift in Sources */ = {isa = PBXBuildFile; fileRef = A744BB6C1A5902B50057DE5D /* MasterViewController.swift */; };
		A744BB6F1A5902B50057DE5D /* DetailViewController.swift in Sources */ = {isa = PBXBuildFile; fileRef = A744BB6E1A5902B50057DE5D /* DetailViewController.swift */; };
		A744BB721A5902B50057DE5D /* Main.storyboard in Resources */ = {isa = PBXBuildFile; fileRef = A744BB701A5902B50057DE5D /* Main.storyboard */; };
		A744BB741A5902B50057DE5D /* Images.xcassets in Resources */ = {isa = PBXBuildFile; fileRef = A744BB731A5902B50057DE5D /* Images.xcassets */; };
		A744BB771A5902B50057DE5D /* LaunchScreen.xib in Resources */ = {isa = PBXBuildFile; fileRef = A744BB751A5902B50057DE5D /* LaunchScreen.xib */; };
		A744BB831A5902B50057DE5D /* MasterDetailApplicationDemoTests.swift in Sources */ = {isa = PBXBuildFile; fileRef = A744BB821A5902B50057DE5D /* MasterDetailApplicationDemoTests.swift */; };
/* End PBXBuildFile section */

/* Begin PBXContainerItemProxy section */
		A744BB7D1A5902B50057DE5D /* PBXContainerItemProxy */ = {
			isa = PBXContainerItemProxy;
			containerPortal = A744BB5D1A5902B50057DE5D /* Project object */;
			proxyType = 1;
			remoteGlobalIDString = A744BB641A5902B50057DE5D;
			remoteInfo = MasterDetailApplicationDemo;
		};
/* End PBXContainerItemProxy section */

/* Begin PBXFileReference section */
		A744BB651A5902B50057DE5D /* MasterDetailApplicationDemo.app */ = {isa = PBXFileReference; explicitFileType = wrapper.application; includeInIndex = 0; path = MasterDetailApplicationDemo.app; sourceTree = BUILT_PRODUCTS_DIR; };
		A744BB691A5902B50057DE5D /* Info.plist */ = {isa = PBXFileReference; lastKnownFileType = text.plist.xml; path = Info.plist; sourceTree = "<group>"; };
		A744BB6A1A5902B50057DE5D /* AppDelegate.swift */ = {isa = PBXFileReference; lastKnownFileType = sourcecode.swift; path = AppDelegate.swift; sourceTree = "<group>"; };
		A744BB6C1A5902B50057DE5D /* MasterViewController.swift */ = {isa = PBXFileReference; lastKnownFileType = sourcecode.swift; path = MasterViewController.swift; sourceTree = "<group>"; };
		A744BB6E1A5902B50057DE5D /* DetailViewController.swift */ = {isa = PBXFileReference; lastKnownFileType = sourcecode.swift; path = DetailViewController.swift; sourceTree = "<group>"; };
		A744BB711A5902B50057DE5D /* Base */ = {isa = PBXFileReference; lastKnownFileType = file.storyboard; name = Base; path = Base.lproj/Main.storyboard; sourceTree = "<group>"; };
		A744BB731A5902B50057DE5D /* Images.xcassets */ = {isa = PBXFileReference; lastKnownFileType = folder.assetcatalog; path = Images.xcassets; sourceTree = "<group>"; };
		A744BB761A5902B50057DE5D /* Base */ = {isa = PBXFileReference; lastKnownFileType = file.xib; name = Base; path = Base.lproj/LaunchScreen.xib; sourceTree = "<group>"; };
		A744BB7C1A5902B50057DE5D /* MasterDetailApplicationDemoTests.xctest */ = {isa = PBXFileReference; explicitFileType = wrapper.cfbundle; includeInIndex = 0; path = MasterDetailApplicationDemoTests.xctest; sourceTree = BUILT_PRODUCTS_DIR; };
		A744BB811A5902B50057DE5D /* Info.plist */ = {isa = PBXFileReference; lastKnownFileType = text.plist.xml; path = Info.plist; sourceTree = "<group>"; };
		A744BB821A5902B50057DE5D /* MasterDetailApplicationDemoTests.swift */ = {isa = PBXFileReference; lastKnownFileType = sourcecode.swift; path = MasterDetailApplicationDemoTests.swift; sourceTree = "<group>"; };
/* End PBXFileReference section */

/* Begin PBXFrameworksBuildPhase section */
		A744BB621A5902B50057DE5D /* Frameworks */ = {
			isa = PBXFrameworksBuildPhase;
			buildActionMask = 2147483647;
			files = (
			);
			runOnlyForDeploymentPostprocessing = 0;
		};
		A744BB791A5902B50057DE5D /* Frameworks */ = {
			isa = PBXFrameworksBuildPhase;
			buildActionMask = 2147483647;
			files = (
			);
			runOnlyForDeploymentPostprocessing = 0;
		};
/* End PBXFrameworksBuildPhase section */

/* Begin PBXGroup section */
		A744BB5C1A5902B50057DE5D = {
			isa = PBXGroup;
			children = (
				A744BB671A5902B50057DE5D /* MasterDetailApplicationDemo */,
				A744BB7F1A5902B50057DE5D /* MasterDetailApplicationDemoTests */,
				A744BB661A5902B50057DE5D /* Products */,
			);
			sourceTree = "<group>";
		};
		A744BB661A5902B50057DE5D /* Products */ = {
			isa = PBXGroup;
			children = (
				A744BB651A5902B50057DE5D /* MasterDetailApplicationDemo.app */,
				A744BB7C1A5902B50057DE5D /* MasterDetailApplicationDemoTests.xctest */,
			);
			name = Products;
			sourceTree = "<group>";
		};
		A744BB671A5902B50057DE5D /* MasterDetailApplicationDemo */ = {
			isa = PBXGroup;
			children = (
				A744BB6A1A5902B50057DE5D /* AppDelegate.swift */,
				A744BB6C1A5902B50057DE5D /* MasterViewController.swift */,
				A744BB6E1A5902B50057DE5D /* DetailViewController.swift */,
				A744BB701A5902B50057DE5D /* Main.storyboard */,
				A744BB731A5902B50057DE5D /* Images.xcassets */,
				A744BB751A5902B50057DE5D /* LaunchScreen.xib */,
				A744BB681A5902B50057DE5D /* Supporting Files */,
			);
			path = MasterDetailApplicationDemo;
			sourceTree = "<group>";
		};
		A744BB681A5902B50057DE5D /* Supporting Files */ = {
			isa = PBXGroup;
			children = (
				A744BB691A5902B50057DE5D /* Info.plist */,
			);
			name = "Supporting Files";
			sourceTree = "<group>";
		};
		A744BB7F1A5902B50057DE5D /* MasterDetailApplicationDemoTests */ = {
			isa = PBXGroup;
			children = (
				A744BB821A5902B50057DE5D /* MasterDetailApplicationDemoTests.swift */,
				A744BB801A5902B50057DE5D /* Supporting Files */,
			);
			path = MasterDetailApplicationDemoTests;
			sourceTree = "<group>";
		};
		A744BB801A5902B50057DE5D /* Supporting Files */ = {
			isa = PBXGroup;
			children = (
				A744BB811A5902B50057DE5D /* Info.plist */,
			);
			name = "Supporting Files";
			sourceTree = "<group>";
		};
/* End PBXGroup section */

/* Begin PBXNativeTarget section */
		A744BB641A5902B50057DE5D /* MasterDetailApplicationDemo */ = {
			isa = PBXNativeTarget;
			buildConfigurationList = A744BB861A5902B50057DE5D /* Build configuration list for PBXNativeTarget "MasterDetailApplicationDemo" */;
			buildPhases = (
				A744BB611A5902B50057DE5D /* Sources */,
				A744BB621A5902B50057DE5D /* Frameworks */,
				A744BB631A5902B50057DE5D /* Resources */,
			);
			buildRules = (
			);
			dependencies = (
			);
			name = MasterDetailApplicationDemo;
			productName = MasterDetailApplicationDemo;
			productReference = A744BB651A5902B50057DE5D /* MasterDetailApplicationDemo.app */;
			productType = "com.apple.product-type.application";
		};
		A744BB7B1A5902B50057DE5D /* MasterDetailApplicationDemoTests */ = {
			isa = PBXNativeTarget;
			buildConfigurationList = A744BB891A5902B50057DE5D /* Build configuration list for PBXNativeTarget "MasterDetailApplicationDemoTests" */;
			buildPhases = (
				A744BB781A5902B50057DE5D /* Sources */,
				A744BB791A5902B50057DE5D /* Frameworks */,
				A744BB7A1A5902B50057DE5D /* Resources */,
			);
			buildRules = (
			);
			dependencies = (
				A744BB7E1A5902B50057DE5D /* PBXTargetDependency */,
			);
			name = MasterDetailApplicationDemoTests;
			productName = MasterDetailApplicationDemoTests;
			productReference = A744BB7C1A5902B50057DE5D /* MasterDetailApplicationDemoTests.xctest */;
			productType = "com.apple.product-type.bundle.unit-test";
		};
/* End PBXNativeTarget section */

/* Begin PBXProject section */
		A744BB5D1A5902B50057DE5D /* Project object */ = {
			isa = PBXProject;
			attributes = {
				LastUpgradeCheck = 0610;
				ORGANIZATIONNAME = Yosemite;
				TargetAttributes = {
					A744BB641A5902B50057DE5D = {
						CreatedOnToolsVersion = 6.1.1;
					};
					A744BB7B1A5902B50057DE5D = {
						CreatedOnToolsVersion = 6.1.1;
						TestTargetID = A744BB641A5902B50057DE5D;
					};
				};
			};
			buildConfigurationList = A744BB601A5902B50057DE5D /* Build configuration list for PBXProject "MasterDetailApplicationDemo" */;
			compatibilityVersion = "Xcode 3.2";
			developmentRegion = English;
			hasScannedForEncodings = 0;
			knownRegions = (
				en,
				Base,
			);
			mainGroup = A744BB5C1A5902B50057DE5D;
			productRefGroup = A744BB661A5902B50057DE5D /* Products */;
			projectDirPath = "";
			projectRoot = "";
			targets = (
				A744BB641A5902B50057DE5D /* MasterDetailApplicationDemo */,
				A744BB7B1A5902B50057DE5D /* MasterDetailApplicationDemoTests */,
			);
		};
/* End PBXProject section */

/* Begin PBXResourcesBuildPhase section */
		A744BB631A5902B50057DE5D /* Resources */ = {
			isa = PBXResourcesBuildPhase;
			buildActionMask = 2147483647;
			files = (
				A744BB721A5902B50057DE5D /* Main.storyboard in Resources */,
				A744BB771A5902B50057DE5D /* LaunchScreen.xib in Resources */,
				A744BB741A5902B50057DE5D /* Images.xcassets in Resources */,
			);
			runOnlyForDeploymentPostprocessing = 0;
		};
		A744BB7A1A5902B50057DE5D /* Resources */ = {
			isa = PBXResourcesBuildPhase;
			buildActionMask = 2147483647;
			files = (
			);
			runOnlyForDeploymentPostprocessing = 0;
		};
/* End PBXResourcesBuildPhase section */

/* Begin PBXSourcesBuildPhase section */
		A744BB611A5902B50057DE5D /* Sources */ = {
			isa = PBXSourcesBuildPhase;
			buildActionMask = 2147483647;
			files = (
				A744BB6F1A5902B50057DE5D /* DetailViewController.swift in Sources */,
				A744BB6D1A5902B50057DE5D /* MasterViewController.swift in Sources */,
				A744BB6B1A5902B50057DE5D /* AppDelegate.swift in Sources */,
			);
			runOnlyForDeploymentPostprocessing = 0;
		};
		A744BB781A5902B50057DE5D /* Sources */ = {
			isa = PBXSourcesBuildPhase;
			buildActionMask = 2147483647;
			files = (
				A744BB831A5902B50057DE5D /* MasterDetailApplicationDemoTests.swift in Sources */,
			);
			runOnlyForDeploymentPostprocessing = 0;
		};
/* End PBXSourcesBuildPhase section */

/* Begin PBXTargetDependency section */
		A744BB7E1A5902B50057DE5D /* PBXTargetDependency */ = {
			isa = PBXTargetDependency;
			target = A744BB641A5902B50057DE5D /* MasterDetailApplicationDemo */;
			targetProxy = A744BB7D1A5902B50057DE5D /* PBXContainerItemProxy */;
		};
/* End PBXTargetDependency section */

/* Begin PBXVariantGroup section */
		A744BB701A5902B50057DE5D /* Main.storyboard */ = {
			isa = PBXVariantGroup;
			children = (
				A744BB711A5902B50057DE5D /* Base */,
			);
			name = Main.storyboard;
			sourceTree = "<group>";
		};
		A744BB751A5902B50057DE5D /* LaunchScreen.xib */ = {
			isa = PBXVariantGroup;
			children = (
				A744BB761A5902B50057DE5D /* Base */,
			);
			name = LaunchScreen.xib;
			sourceTree = "<group>";
		};
/* End PBXVariantGroup section */

/* Begin XCBuildConfiguration section */
		A744BB841A5902B50057DE5D /* Debug */ = {
			isa = XCBuildConfiguration;
			buildSettings = {
				ALWAYS_SEARCH_USER_PATHS = NO;
				CLANG_CXX_LANGUAGE_STANDARD = "gnu++0x";
				CLANG_CXX_LIBRARY = "libc++";
				CLANG_ENABLE_MODULES = YES;
				CLANG_ENABLE_OBJC_ARC = YES;
				CLANG_WARN_BOOL_CONVERSION = YES;
				CLANG_WARN_CONSTANT_CONVERSION = YES;
				CLANG_WARN_DIRECT_OBJC_ISA_USAGE = YES_ERROR;
				CLANG_WARN_EMPTY_BODY = YES;
				CLANG_WARN_ENUM_CONVERSION = YES;
				CLANG_WARN_INT_CONVERSION = YES;
				CLANG_WARN_OBJC_ROOT_CLASS = YES_ERROR;
				CLANG_WARN_UNREACHABLE_CODE = YES;
				CLANG_WARN__DUPLICATE_METHOD_MATCH = YES;
				"CODE_SIGN_IDENTITY[sdk=iphoneos*]" = "iPhone Developer";
				COPY_PHASE_STRIP = NO;
				ENABLE_STRICT_OBJC_MSGSEND = YES;
				GCC_C_LANGUAGE_STANDARD = gnu99;
				GCC_DYNAMIC_NO_PIC = NO;
				GCC_OPTIMIZATION_LEVEL = 0;
				GCC_PREPROCESSOR_DEFINITIONS = (
					"DEBUG=1",
					"$(inherited)",
				);
				GCC_SYMBOLS_PRIVATE_EXTERN = NO;
				GCC_WARN_64_TO_32_BIT_CONVERSION = YES;
				GCC_WARN_ABOUT_RETURN_TYPE = YES_ERROR;
				GCC_WARN_UNDECLARED_SELECTOR = YES;
				GCC_WARN_UNINITIALIZED_AUTOS = YES_AGGRESSIVE;
				GCC_WARN_UNUSED_FUNCTION = YES;
				GCC_WARN_UNUSED_VARIABLE = YES;
				IPHONEOS_DEPLOYMENT_TARGET = 8.1;
				MTL_ENABLE_DEBUG_INFO = YES;
				ONLY_ACTIVE_ARCH = YES;
				SDKROOT = iphoneos;
				SWIFT_OPTIMIZATION_LEVEL = "-Onone";
			};
			name = Debug;
		};
		A744BB851A5902B50057DE5D /* Release */ = {
			isa = XCBuildConfiguration;
			buildSettings = {
				ALWAYS_SEARCH_USER_PATHS = NO;
				CLANG_CXX_LANGUAGE_STANDARD = "gnu++0x";
				CLANG_CXX_LIBRARY = "libc++";
				CLANG_ENABLE_MODULES = YES;
				CLANG_ENABLE_OBJC_ARC = YES;
				CLANG_WARN_BOOL_CONVERSION = YES;
				CLANG_WARN_CONSTANT_CONVERSION = YES;
				CLANG_WARN_DIRECT_OBJC_ISA_USAGE = YES_ERROR;
				CLANG_WARN_EMPTY_BODY = YES;
				CLANG_WARN_ENUM_CONVERSION = YES;
				CLANG_WARN_INT_CONVERSION = YES;
				CLANG_WARN_OBJC_ROOT_CLASS = YES_ERROR;
				CLANG_WARN_UNREACHABLE_CODE = YES;
				CLANG_WARN__DUPLICATE_METHOD_MATCH = YES;
				"CODE_SIGN_IDENTITY[sdk=iphoneos*]" = "iPhone Developer";
				COPY_PHASE_STRIP = YES;
				ENABLE_NS_ASSERTIONS = NO;
				ENABLE_STRICT_OBJC_MSGSEND = YES;
				GCC_C_LANGUAGE_STANDARD = gnu99;
				GCC_WARN_64_TO_32_BIT_CONVERSION = YES;
				GCC_WARN_ABOUT_RETURN_TYPE = YES_ERROR;
				GCC_WARN_UNDECLARED_SELECTOR = YES;
				GCC_WARN_UNINITIALIZED_AUTOS = YES_AGGRESSIVE;
				GCC_WARN_UNUSED_FUNCTION = YES;
				GCC_WARN_UNUSED_VARIABLE = YES;
				IPHONEOS_DEPLOYMENT_TARGET = 8.1;
				MTL_ENABLE_DEBUG_INFO = NO;
				SDKROOT = iphoneos;
				VALIDATE_PRODUCT = YES;
			};
			name = Release;
		};
		A744BB871A5902B50057DE5D /* Debug */ = {
			isa = XCBuildConfiguration;
			buildSettings = {
				ASSETCATALOG_COMPILER_APPICON_NAME = AppIcon;
				INFOPLIST_FILE = MasterDetailApplicationDemo/Info.plist;
				LD_RUNPATH_SEARCH_PATHS = "$(inherited) @executable_path/Frameworks";
				PRODUCT_NAME = "$(TARGET_NAME)";
			};
			name = Debug;
		};
		A744BB881A5902B50057DE5D /* Release */ = {
			isa = XCBuildConfiguration;
			buildSettings = {
				ASSETCATALOG_COMPILER_APPICON_NAME = AppIcon;
				INFOPLIST_FILE = MasterDetailApplicationDemo/Info.plist;
				LD_RUNPATH_SEARCH_PATHS = "$(inherited) @executable_path/Frameworks";
				PRODUCT_NAME = "$(TARGET_NAME)";
			};
			name = Release;
		};
		A744BB8A1A5902B50057DE5D /* Debug */ = {
			isa = XCBuildConfiguration;
			buildSettings = {
				BUNDLE_LOADER = "$(TEST_HOST)";
				FRAMEWORK_SEARCH_PATHS = (
					"$(SDKROOT)/Developer/Library/Frameworks",
					"$(inherited)",
				);
				GCC_PREPROCESSOR_DEFINITIONS = (
					"DEBUG=1",
					"$(inherited)",
				);
				INFOPLIST_FILE = MasterDetailApplicationDemoTests/Info.plist;
				LD_RUNPATH_SEARCH_PATHS = "$(inherited) @executable_path/Frameworks @loader_path/Frameworks";
				PRODUCT_NAME = "$(TARGET_NAME)";
				TEST_HOST = "$(BUILT_PRODUCTS_DIR)/MasterDetailApplicationDemo.app/MasterDetailApplicationDemo";
			};
			name = Debug;
		};
		A744BB8B1A5902B50057DE5D /* Release */ = {
			isa = XCBuildConfiguration;
			buildSettings = {
				BUNDLE_LOADER = "$(TEST_HOST)";
				FRAMEWORK_SEARCH_PATHS = (
					"$(SDKROOT)/Developer/Library/Frameworks",
					"$(inherited)",
				);
				INFOPLIST_FILE = MasterDetailApplicationDemoTests/Info.plist;
				LD_RUNPATH_SEARCH_PATHS = "$(inherited) @executable_path/Frameworks @loader_path/Frameworks";
				PRODUCT_NAME = "$(TARGET_NAME)";
				TEST_HOST = "$(BUILT_PRODUCTS_DIR)/MasterDetailApplicationDemo.app/MasterDetailApplicationDemo";
			};
			name = Release;
		};
/* End XCBuildConfiguration section */

/* Begin XCConfigurationList section */
		A744BB601A5902B50057DE5D /* Build configuration list for PBXProject "MasterDetailApplicationDemo" */ = {
			isa = XCConfigurationList;
			buildConfigurations = (
				A744BB841A5902B50057DE5D /* Debug */,
				A744BB851A5902B50057DE5D /* Release */,
			);
			defaultConfigurationIsVisible = 0;
			defaultConfigurationName = Release;
		};
		A744BB861A5902B50057DE5D /* Build configuration list for PBXNativeTarget "MasterDetailApplicationDemo" */ = {
			isa = XCConfigurationList;
			buildConfigurations = (
				A744BB871A5902B50057DE5D /* Debug */,
				A744BB881A5902B50057DE5D /* Release */,
			);
			defaultConfigurationIsVisible = 0;
		};
		A744BB891A5902B50057DE5D /* Build configuration list for PBXNativeTarget "MasterDetailApplicationDemoTests" */ = {
			isa = XCConfigurationList;
			buildConfigurations = (
				A744BB8A1A5902B50057DE5D /* Debug */,
				A744BB8B1A5902B50057DE5D /* Release */,
			);
			defaultConfigurationIsVisible = 0;
		};
/* End XCConfigurationList section */
	};
	rootObject = A744BB5D1A5902B50057DE5D /* Project object */;
}
